<Solution>
  <Project Path="src/AnalyticsConsumer/AnalyticsConsumer.csproj" Id="9b9b9679-5742-4489-a276-ed5091dd6f34" />
  <Project Path="src/PaymentsConsumer/PaymentsConsumer.csproj" Id="fc8cd2e0-67ce-4573-b312-6cfc1ee2ba2e" />
  <Project Path="src/RabbitMqCondumer2/RabbitMqCondumer2.csproj" Id="420e8e15-61d9-4fb8-8744-d324b48874ef" />
  <Project Path="src/RabbitMqConsumer/RabbitMqConsumer.csproj" Id="dd862d18-a80c-40a8-80a3-7df1e08ef330" />
  <Project Path="src/RabbitMqPublisher/RabbitMqPublisher.csproj" Id="ed640b8f-e301-4ab1-acbe-7376e3fba798" />
  <Project Path="src/UserConsumer/UserConsumer.csproj" Id="b63c9b3f-93b3-4eb5-be93-7f00ab4f4f65" />
</Solution>
